<?xml version="1.0" encoding="utf-8"?>
<Project ToolsVersion="4.0" xmlns="http://schemas.microsoft.com/developer/msbuild/2003">
  <ItemGroup>
    <Filter Include="Sources">
      <UniqueIdentifier>{4FC737F1-C7A5-4376-A066-2A32D752A2FF}</UniqueIdentifier>
      <Extensions>cpp;c;cc;cxx;def;odl;idl;hpj;bat;asm;asmx</Extensions>
    </Filter>
    <Filter Include="Sources\Util">
      <UniqueIdentifier>{8794ef99-a5c5-451f-afed-a950d669308a}</UniqueIdentifier>
    </Filter>
    <Filter Include="Headers">
      <UniqueIdentifier>{93995380-89BD-4b04-88EB-625FBE52EBFB}</UniqueIdentifier>
      <Extensions>h;hh;hpp;hxx;hm;inl;inc;xsd</Extensions>
    </Filter>
    <Filter Include="Headers\Util">
      <UniqueIdentifier>{8727c017-8298-4af9-9951-13aeb85c625f}</UniqueIdentifier>
    </Filter>
    <Filter Include="Assets">
      <UniqueIdentifier>{67DA6AB6-F800-4c08-8B7A-83BB121AAD01}</UniqueIdentifier>
      <Extensions>rc;ico;cur;bmp;dlg;rc2;rct;bin;rgs;gif;jpg;jpeg;jpe;resx;tiff;tif;png;wav;mfcribbon-ms</Extensions>
    </Filter>
    <Filter Include="Assets\Textures">
      <UniqueIdentifier>{a2b46268-21e9-4fb8-b852-2941dcccab45}</UniqueIdentifier>
    </Filter>
    <Filter Include="Assets\Sounds">
      <UniqueIdentifier>{244d15b6-7aab-4c89-b5fb-ea513dc1b585}</UniqueIdentifier>
    </Filter>
    <Filter Include="Assets\Sounds\BGM">
      <UniqueIdentifier>{ffa79199-fa9a-437d-b445-ec0aa135df73}</UniqueIdentifier>
    </Filter>
    <Filter Include="Assets\Sounds\SE">
      <UniqueIdentifier>{3941ee4b-6933-4e4b-ae34-b858fdfdaced}</UniqueIdentifier>
    </Filter>
  </ItemGroup>
  <ItemGroup>
    <ClCompile Include="main.cpp">
      <Filter>Sources</Filter>
    </ClCompile>
    <ClCompile Include="WinApp.cpp">
      <Filter>Sources\Util</Filter>
    </ClCompile>
    <ClCompile Include="stdafx.cpp">
      <Filter>Sources\Util</Filter>
    </ClCompile>
    <ClCompile Include="manager.cpp">
      <Filter>Sources\Util</Filter>
    </ClCompile>
    <ClCompile Include="renderer.cpp">
      <Filter>Sources\Util</Filter>
    </ClCompile>
    <ClCompile Include="debugproc.cpp">
      <Filter>Sources\Util</Filter>
    </ClCompile>
    <ClCompile Include="input.cpp">
      <Filter>Sources\Util</Filter>
    </ClCompile>
    <ClCompile Include="light.cpp">
      <Filter>Sources\Util</Filter>
    </ClCompile>
    <ClCompile Include="scene.cpp">
      <Filter>Sources\Util</Filter>
    </ClCompile>
    <ClCompile Include="scene2D.cpp">
      <Filter>Sources\Util</Filter>
    </ClCompile>
    <ClCompile Include="sound.cpp">
      <Filter>Sources\Util</Filter>
    </ClCompile>
    <ClCompile Include="plane.cpp">
      <Filter>Sources\Util</Filter>
    </ClCompile>
    <ClCompile Include="camera.cpp">
      <Filter>Sources\Util</Filter>
    </ClCompile>
    <ClCompile Include="textureManager.cpp">
      <Filter>Sources\Util</Filter>
    </ClCompile>
  </ItemGroup>
  <ItemGroup>
    <ClInclude Include="main.h">
      <Filter>Headers</Filter>
    </ClInclude>
    <ClInclude Include="WinApp.h">
      <Filter>Headers\Util</Filter>
    </ClInclude>
    <ClInclude Include="stdafx.h">
      <Filter>Headers\Util</Filter>
    </ClInclude>
    <ClInclude Include="manager.h">
      <Filter>Headers\Util</Filter>
    </ClInclude>
    <ClInclude Include="renderer.h">
      <Filter>Headers\Util</Filter>
    </ClInclude>
    <ClInclude Include="debugproc.h">
      <Filter>Headers\Util</Filter>
    </ClInclude>
    <ClInclude Include="input.h">
      <Filter>Headers\Util</Filter>
    </ClInclude>
    <ClInclude Include="light.h">
      <Filter>Headers\Util</Filter>
    </ClInclude>
    <ClInclude Include="scene.h">
      <Filter>Headers\Util</Filter>
    </ClInclude>
    <ClInclude Include="scene2D.h">
      <Filter>Headers\Util</Filter>
    </ClInclude>
    <ClInclude Include="sound.h">
      <Filter>Headers\Util</Filter>
    </ClInclude>
    <ClInclude Include="plane.h">
      <Filter>Headers\Util</Filter>
    </ClInclude>
    <ClInclude Include="camera.h">
      <Filter>Headers\Util</Filter>
    </ClInclude>
    <ClInclude Include="resource.h">
      <Filter>Headers\Util</Filter>
    </ClInclude>
    <ClInclude Include="textureManager.h">
      <Filter>Headers\Util</Filter>
    </ClInclude>
  </ItemGroup>
  <ItemGroup>
    <ResourceCompile Include="ChernoRogueLike.rc">
      <Filter>Assets</Filter>
    </ResourceCompile>
  </ItemGroup>
  <ItemGroup>
    <Image Include="data\TEXTURE\tex_haruka_princess.jpg">
      <Filter>Assets\Textures</Filter>
    </Image>
  </ItemGroup>
  <ItemGroup>
    <Media Include="data\BGM\bgm_NO_CURRY_NO_LIFE.mp3">
      <Filter>Assets\Sounds\BGM</Filter>
    </Media>
    <Media Include="data\SE\se_decision.wav">
      <Filter>Assets\Sounds\SE</Filter>
    </Media>
  </ItemGroup>
</Project>